// !$*UTF8*$!
{
	archiveVersion = 1;
	classes = {
	};
	objectVersion = 56;
	objects = {

/* Begin PBXBuildFile section */
		87DCF8112B1DCF6200E21C71 /* Login.storyboard in Resources */ = {isa = PBXBuildFile; fileRef = 87DCF8102B1DCF6200E21C71 /* Login.storyboard */; };
		87DCF8132B1DCF7000E21C71 /* LoginViewController.swift in Sources */ = {isa = PBXBuildFile; fileRef = 87DCF8122B1DCF7000E21C71 /* LoginViewController.swift */; };
		87DCF8152B1DCFA400E21C71 /* RegisterViewController.swift in Sources */ = {isa = PBXBuildFile; fileRef = 87DCF8142B1DCFA400E21C71 /* RegisterViewController.swift */; };
		87DCF8172B1DCFB500E21C71 /* Register.storyboard in Resources */ = {isa = PBXBuildFile; fileRef = 87DCF8162B1DCFB500E21C71 /* Register.storyboard */; };
		A2E558202AF27EC3006371C7 /* AppDelegate.swift in Sources */ = {isa = PBXBuildFile; fileRef = A2E5581F2AF27EC3006371C7 /* AppDelegate.swift */; };
		A2E558222AF27EC3006371C7 /* SceneDelegate.swift in Sources */ = {isa = PBXBuildFile; fileRef = A2E558212AF27EC3006371C7 /* SceneDelegate.swift */; };
		A2E558242AF27EC3006371C7 /* MainViewController.swift in Sources */ = {isa = PBXBuildFile; fileRef = A2E558232AF27EC3006371C7 /* MainViewController.swift */; };
		A2E558272AF27EC3006371C7 /* Main.storyboard in Resources */ = {isa = PBXBuildFile; fileRef = A2E558252AF27EC3006371C7 /* Main.storyboard */; };
		A2E558292AF27EC5006371C7 /* Assets.xcassets in Resources */ = {isa = PBXBuildFile; fileRef = A2E558282AF27EC5006371C7 /* Assets.xcassets */; };
		A2E5582C2AF27EC5006371C7 /* LaunchScreen.storyboard in Resources */ = {isa = PBXBuildFile; fileRef = A2E5582A2AF27EC5006371C7 /* LaunchScreen.storyboard */; };
/* End PBXBuildFile section */

/* Begin PBXFileReference section */
		87DCF8102B1DCF6200E21C71 /* Login.storyboard */ = {isa = PBXFileReference; lastKnownFileType = file.storyboard; path = Login.storyboard; sourceTree = "<group>"; };
		87DCF8122B1DCF7000E21C71 /* LoginViewController.swift */ = {isa = PBXFileReference; lastKnownFileType = sourcecode.swift; path = LoginViewController.swift; sourceTree = "<group>"; };
		87DCF8142B1DCFA400E21C71 /* RegisterViewController.swift */ = {isa = PBXFileReference; lastKnownFileType = sourcecode.swift; path = RegisterViewController.swift; sourceTree = "<group>"; };
		87DCF8162B1DCFB500E21C71 /* Register.storyboard */ = {isa = PBXFileReference; lastKnownFileType = file.storyboard; path = Register.storyboard; sourceTree = "<group>"; };
		A2E5581C2AF27EC3006371C7 /* tasktracker.app */ = {isa = PBXFileReference; explicitFileType = wrapper.application; includeInIndex = 0; path = tasktracker.app; sourceTree = BUILT_PRODUCTS_DIR; };
		A2E5581F2AF27EC3006371C7 /* AppDelegate.swift */ = {isa = PBXFileReference; lastKnownFileType = sourcecode.swift; path = AppDelegate.swift; sourceTree = "<group>"; };
		A2E558212AF27EC3006371C7 /* SceneDelegate.swift */ = {isa = PBXFileReference; lastKnownFileType = sourcecode.swift; path = SceneDelegate.swift; sourceTree = "<group>"; };
		A2E558232AF27EC3006371C7 /* MainViewController.swift */ = {isa = PBXFileReference; lastKnownFileType = sourcecode.swift; path = MainViewController.swift; sourceTree = "<group>"; };
		A2E558262AF27EC3006371C7 /* Base */ = {isa = PBXFileReference; lastKnownFileType = file.storyboard; name = Base; path = Base.lproj/Main.storyboard; sourceTree = "<group>"; };
		A2E558282AF27EC5006371C7 /* Assets.xcassets */ = {isa = PBXFileReference; lastKnownFileType = folder.assetcatalog; path = Assets.xcassets; sourceTree = "<group>"; };
		A2E5582B2AF27EC5006371C7 /* Base */ = {isa = PBXFileReference; lastKnownFileType = file.storyboard; name = Base; path = Base.lproj/LaunchScreen.storyboard; sourceTree = "<group>"; };
		A2E5582D2AF27EC5006371C7 /* Info.plist */ = {isa = PBXFileReference; lastKnownFileType = text.plist.xml; path = Info.plist; sourceTree = "<group>"; };
/* End PBXFileReference section */

/* Begin PBXFrameworksBuildPhase section */
		A2E558192AF27EC2006371C7 /* Frameworks */ = {
			isa = PBXFrameworksBuildPhase;
			buildActionMask = 2147483647;
			files = (
			);
			runOnlyForDeploymentPostprocessing = 0;
		};
/* End PBXFrameworksBuildPhase section */

/* Begin PBXGroup section */
		87DCF80B2B1DCEAE00E21C71 /* Views */ = {
			isa = PBXGroup;
			children = (
				A2E558282AF27EC5006371C7 /* Assets.xcassets */,
				87DCF80F2B1DCF1500E21C71 /* Storyboard */,
			);
			path = Views;
			sourceTree = "<group>";
		};
		87DCF80C2B1DCEB900E21C71 /* Controllers */ = {
			isa = PBXGroup;
			children = (
				A2E558232AF27EC3006371C7 /* MainViewController.swift */,
				87DCF80E2B1DCEF000E21C71 /* Login */,
			);
			path = Controllers;
			sourceTree = "<group>";
		};
		87DCF80D2B1DCEBE00E21C71 /* Resources */ = {
			isa = PBXGroup;
			children = (
				A2E5581F2AF27EC3006371C7 /* AppDelegate.swift */,
				A2E558212AF27EC3006371C7 /* SceneDelegate.swift */,
			);
			path = Resources;
			sourceTree = "<group>";
		};
		87DCF80E2B1DCEF000E21C71 /* Login */ = {
			isa = PBXGroup;
			children = (
				87DCF8122B1DCF7000E21C71 /* LoginViewController.swift */,
				87DCF8142B1DCFA400E21C71 /* RegisterViewController.swift */,
			);
			path = Login;
			sourceTree = "<group>";
		};
		87DCF80F2B1DCF1500E21C71 /* Storyboard */ = {
			isa = PBXGroup;
			children = (
				A2E558252AF27EC3006371C7 /* Main.storyboard */,
				A2E5582A2AF27EC5006371C7 /* LaunchScreen.storyboard */,
				87DCF8102B1DCF6200E21C71 /* Login.storyboard */,
				87DCF8162B1DCFB500E21C71 /* Register.storyboard */,
			);
			path = Storyboard;
			sourceTree = "<group>";
		};
		A2E558132AF27EC2006371C7 = {
			isa = PBXGroup;
			children = (
				A2E5581E2AF27EC3006371C7 /* tasktracker */,
				A2E5581D2AF27EC3006371C7 /* Products */,
			);
			sourceTree = "<group>";
		};
		A2E5581D2AF27EC3006371C7 /* Products */ = {
			isa = PBXGroup;
			children = (
				A2E5581C2AF27EC3006371C7 /* tasktracker.app */,
			);
			name = Products;
			sourceTree = "<group>";
		};
		A2E5581E2AF27EC3006371C7 /* tasktracker */ = {
			isa = PBXGroup;
			children = (
				87DCF80D2B1DCEBE00E21C71 /* Resources */,
				87DCF80C2B1DCEB900E21C71 /* Controllers */,
				87DCF80B2B1DCEAE00E21C71 /* Views */,
				A2E5582D2AF27EC5006371C7 /* Info.plist */,
			);
			path = tasktracker;
			sourceTree = "<group>";
		};
/* End PBXGroup section */

/* Begin PBXNativeTarget section */
		A2E5581B2AF27EC2006371C7 /* tasktracker */ = {
			isa = PBXNativeTarget;
			buildConfigurationList = A2E558302AF27EC5006371C7 /* Build configuration list for PBXNativeTarget "tasktracker" */;
			buildPhases = (
				A2E558182AF27EC2006371C7 /* Sources */,
				A2E558192AF27EC2006371C7 /* Frameworks */,
				A2E5581A2AF27EC2006371C7 /* Resources */,
			);
			buildRules = (
			);
			dependencies = (
			);
			name = tasktracker;
			productName = tasktracker;
			productReference = A2E5581C2AF27EC3006371C7 /* tasktracker.app */;
			productType = "com.apple.product-type.application";
		};
/* End PBXNativeTarget section */

/* Begin PBXProject section */
		A2E558142AF27EC2006371C7 /* Project object */ = {
			isa = PBXProject;
			attributes = {
				BuildIndependentTargetsInParallel = 1;
				LastSwiftUpdateCheck = 1420;
				LastUpgradeCheck = 1420;
				TargetAttributes = {
					A2E5581B2AF27EC2006371C7 = {
						CreatedOnToolsVersion = 14.2;
					};
				};
			};
			buildConfigurationList = A2E558172AF27EC2006371C7 /* Build configuration list for PBXProject "tasktracker" */;
			compatibilityVersion = "Xcode 14.0";
			developmentRegion = en;
			hasScannedForEncodings = 0;
			knownRegions = (
				en,
				Base,
			);
			mainGroup = A2E558132AF27EC2006371C7;
			productRefGroup = A2E5581D2AF27EC3006371C7 /* Products */;
			projectDirPath = "";
			projectRoot = "";
			targets = (
				A2E5581B2AF27EC2006371C7 /* tasktracker */,
			);
		};
/* End PBXProject section */

/* Begin PBXResourcesBuildPhase section */
		A2E5581A2AF27EC2006371C7 /* Resources */ = {
			isa = PBXResourcesBuildPhase;
			buildActionMask = 2147483647;
			files = (
				87DCF8112B1DCF6200E21C71 /* Login.storyboard in Resources */,
				A2E5582C2AF27EC5006371C7 /* LaunchScreen.storyboard in Resources */,
				A2E558292AF27EC5006371C7 /* Assets.xcassets in Resources */,
				A2E558272AF27EC3006371C7 /* Main.storyboard in Resources */,
				87DCF8172B1DCFB500E21C71 /* Register.storyboard in Resources */,
			);
			runOnlyForDeploymentPostprocessing = 0;
		};
/* End PBXResourcesBuildPhase section */

/* Begin PBXSourcesBuildPhase section */
		A2E558182AF27EC2006371C7 /* Sources */ = {
			isa = PBXSourcesBuildPhase;
			buildActionMask = 2147483647;
			files = (
				87DCF8132B1DCF7000E21C71 /* LoginViewController.swift in Sources */,
				87DCF8152B1DCFA400E21C71 /* RegisterViewController.swift in Sources */,
				A2E558242AF27EC3006371C7 /* MainViewController.swift in Sources */,
				A2E558202AF27EC3006371C7 /* AppDelegate.swift in Sources */,
				A2E558222AF27EC3006371C7 /* SceneDelegate.swift in Sources */,
			);
			runOnlyForDeploymentPostprocessing = 0;
		};
/* End PBXSourcesBuildPhase section */

/* Begin PBXVariantGroup section */
		A2E558252AF27EC3006371C7 /* Main.storyboard */ = {
			isa = PBXVariantGroup;
			children = (
				A2E558262AF27EC3006371C7 /* Base */,
			);
			name = Main.storyboard;
			sourceTree = "<group>";
		};
		A2E5582A2AF27EC5006371C7 /* LaunchScreen.storyboard */ = {
			isa = PBXVariantGroup;
			children = (
				A2E5582B2AF27EC5006371C7 /* Base */,
			);
			name = LaunchScreen.storyboard;
			sourceTree = "<group>";
		};
/* End PBXVariantGroup section */

/* Begin XCBuildConfiguration section */
		A2E5582E2AF27EC5006371C7 /* Debug */ = {
			isa = XCBuildConfiguration;
			buildSettings = {
				ALWAYS_SEARCH_USER_PATHS = NO;
				CLANG_ANALYZER_NONNULL = YES;
				CLANG_ANALYZER_NUMBER_OBJECT_CONVERSION = YES_AGGRESSIVE;
				CLANG_CXX_LANGUAGE_STANDARD = "gnu++20";
				CLANG_ENABLE_MODULES = YES;
				CLANG_ENABLE_OBJC_ARC = YES;
				CLANG_ENABLE_OBJC_WEAK = YES;
				CLANG_WARN_BLOCK_CAPTURE_AUTORELEASING = YES;
				CLANG_WARN_BOOL_CONVERSION = YES;
				CLANG_WARN_COMMA = YES;
				CLANG_WARN_CONSTANT_CONVERSION = YES;
				CLANG_WARN_DEPRECATED_OBJC_IMPLEMENTATIONS = YES;
				CLANG_WARN_DIRECT_OBJC_ISA_USAGE = YES_ERROR;
				CLANG_WARN_DOCUMENTATION_COMMENTS = YES;
				CLANG_WARN_EMPTY_BODY = YES;
				CLANG_WARN_ENUM_CONVERSION = YES;
				CLANG_WARN_INFINITE_RECURSION = YES;
				CLANG_WARN_INT_CONVERSION = YES;
				CLANG_WARN_NON_LITERAL_NULL_CONVERSION = YES;
				CLANG_WARN_OBJC_IMPLICIT_RETAIN_SELF = YES;
				CLANG_WARN_OBJC_LITERAL_CONVERSION = YES;
				CLANG_WARN_OBJC_ROOT_CLASS = YES_ERROR;
				CLANG_WARN_QUOTED_INCLUDE_IN_FRAMEWORK_HEADER = YES;
				CLANG_WARN_RANGE_LOOP_ANALYSIS = YES;
				CLANG_WARN_STRICT_PROTOTYPES = YES;
				CLANG_WARN_SUSPICIOUS_MOVE = YES;
				CLANG_WARN_UNGUARDED_AVAILABILITY = YES_AGGRESSIVE;
				CLANG_WARN_UNREACHABLE_CODE = YES;
				CLANG_WARN__DUPLICATE_METHOD_MATCH = YES;
				COPY_PHASE_STRIP = NO;
				DEBUG_INFORMATION_FORMAT = dwarf;
				ENABLE_STRICT_OBJC_MSGSEND = YES;
				ENABLE_TESTABILITY = YES;
				GCC_C_LANGUAGE_STANDARD = gnu11;
				GCC_DYNAMIC_NO_PIC = NO;
				GCC_NO_COMMON_BLOCKS = YES;
				GCC_OPTIMIZATION_LEVEL = 0;
				GCC_PREPROCESSOR_DEFINITIONS = (
					"DEBUG=1",
					"$(inherited)",
				);
				GCC_WARN_64_TO_32_BIT_CONVERSION = YES;
				GCC_WARN_ABOUT_RETURN_TYPE = YES_ERROR;
				GCC_WARN_UNDECLARED_SELECTOR = YES;
				GCC_WARN_UNINITIALIZED_AUTOS = YES_AGGRESSIVE;
				GCC_WARN_UNUSED_FUNCTION = YES;
				GCC_WARN_UNUSED_VARIABLE = YES;
				IPHONEOS_DEPLOYMENT_TARGET = 16.2;
				MTL_ENABLE_DEBUG_INFO = INCLUDE_SOURCE;
				MTL_FAST_MATH = YES;
				ONLY_ACTIVE_ARCH = YES;
				SDKROOT = iphoneos;
				SWIFT_ACTIVE_COMPILATION_CONDITIONS = DEBUG;
				SWIFT_OPTIMIZATION_LEVEL = "-Onone";
			};
			name = Debug;
		};
		A2E5582F2AF27EC5006371C7 /* Release */ = {
			isa = XCBuildConfiguration;
			buildSettings = {
				ALWAYS_SEARCH_USER_PATHS = NO;
				CLANG_ANALYZER_NONNULL = YES;
				CLANG_ANALYZER_NUMBER_OBJECT_CONVERSION = YES_AGGRESSIVE;
				CLANG_CXX_LANGUAGE_STANDARD = "gnu++20";
				CLANG_ENABLE_MODULES = YES;
				CLANG_ENABLE_OBJC_ARC = YES;
				CLANG_ENABLE_OBJC_WEAK = YES;
				CLANG_WARN_BLOCK_CAPTURE_AUTORELEASING = YES;
				CLANG_WARN_BOOL_CONVERSION = YES;
				CLANG_WARN_COMMA = YES;
				CLANG_WARN_CONSTANT_CONVERSION = YES;
				CLANG_WARN_DEPRECATED_OBJC_IMPLEMENTATIONS = YES;
				CLANG_WARN_DIRECT_OBJC_ISA_USAGE = YES_ERROR;
				CLANG_WARN_DOCUMENTATION_COMMENTS = YES;
				CLANG_WARN_EMPTY_BODY = YES;
				CLANG_WARN_ENUM_CONVERSION = YES;
				CLANG_WARN_INFINITE_RECURSION = YES;
				CLANG_WARN_INT_CONVERSION = YES;
				CLANG_WARN_NON_LITERAL_NULL_CONVERSION = YES;
				CLANG_WARN_OBJC_IMPLICIT_RETAIN_SELF = YES;
				CLANG_WARN_OBJC_LITERAL_CONVERSION = YES;
				CLANG_WARN_OBJC_ROOT_CLASS = YES_ERROR;
				CLANG_WARN_QUOTED_INCLUDE_IN_FRAMEWORK_HEADER = YES;
				CLANG_WARN_RANGE_LOOP_ANALYSIS = YES;
				CLANG_WARN_STRICT_PROTOTYPES = YES;
				CLANG_WARN_SUSPICIOUS_MOVE = YES;
				CLANG_WARN_UNGUARDED_AVAILABILITY = YES_AGGRESSIVE;
				CLANG_WARN_UNREACHABLE_CODE = YES;
				CLANG_WARN__DUPLICATE_METHOD_MATCH = YES;
				COPY_PHASE_STRIP = NO;
				DEBUG_INFORMATION_FORMAT = "dwarf-with-dsym";
				ENABLE_NS_ASSERTIONS = NO;
				ENABLE_STRICT_OBJC_MSGSEND = YES;
				GCC_C_LANGUAGE_STANDARD = gnu11;
				GCC_NO_COMMON_BLOCKS = YES;
				GCC_WARN_64_TO_32_BIT_CONVERSION = YES;
				GCC_WARN_ABOUT_RETURN_TYPE = YES_ERROR;
				GCC_WARN_UNDECLARED_SELECTOR = YES;
				GCC_WARN_UNINITIALIZED_AUTOS = YES_AGGRESSIVE;
				GCC_WARN_UNUSED_FUNCTION = YES;
				GCC_WARN_UNUSED_VARIABLE = YES;
				IPHONEOS_DEPLOYMENT_TARGET = 16.2;
				MTL_ENABLE_DEBUG_INFO = NO;
				MTL_FAST_MATH = YES;
				SDKROOT = iphoneos;
				SWIFT_COMPILATION_MODE = wholemodule;
				SWIFT_OPTIMIZATION_LEVEL = "-O";
				VALIDATE_PRODUCT = YES;
			};
			name = Release;
		};
		A2E558312AF27EC5006371C7 /* Debug */ = {
			isa = XCBuildConfiguration;
			buildSettings = {
				ASSETCATALOG_COMPILER_APPICON_NAME = AppIcon;
				ASSETCATALOG_COMPILER_GLOBAL_ACCENT_COLOR_NAME = AccentColor;
				CODE_SIGN_STYLE = Automatic;
				CURRENT_PROJECT_VERSION = 1;
				DEVELOPMENT_TEAM = KLDJKJUY6A;
				GENERATE_INFOPLIST_FILE = YES;
				INFOPLIST_FILE = tasktracker/Info.plist;
				INFOPLIST_KEY_UIApplicationSupportsIndirectInputEvents = YES;
				INFOPLIST_KEY_UILaunchStoryboardName = LaunchScreen;
				INFOPLIST_KEY_UIMainStoryboardFile = Main;
				INFOPLIST_KEY_UIStatusBarStyle = "";
				INFOPLIST_KEY_UISupportedInterfaceOrientations = UIInterfaceOrientationPortrait;
				IPHONEOS_DEPLOYMENT_TARGET = 15.0;
				LD_RUNPATH_SEARCH_PATHS = (
					"$(inherited)",
					"@executable_path/Frameworks",
				);
				MARKETING_VERSION = 1.0;
				PRODUCT_BUNDLE_IDENTIFIER = trungdepzai.tasktracker;
				PRODUCT_NAME = "$(TARGET_NAME)";
				SWIFT_EMIT_LOC_STRINGS = YES;
				SWIFT_VERSION = 5.0;
				TARGETED_DEVICE_FAMILY = "1,2";
			};
			name = Debug;
		};
		A2E558322AF27EC5006371C7 /* Release */ = {
			isa = XCBuildConfiguration;
			buildSettings = {
				ASSETCATALOG_COMPILER_APPICON_NAME = AppIcon;
				ASSETCATALOG_COMPILER_GLOBAL_ACCENT_COLOR_NAME = AccentColor;
				CODE_SIGN_STYLE = Automatic;
				CURRENT_PROJECT_VERSION = 1;
				DEVELOPMENT_TEAM = KLDJKJUY6A;
				GENERATE_INFOPLIST_FILE = YES;
				INFOPLIST_FILE = tasktracker/Info.plist;
				INFOPLIST_KEY_UIApplicationSupportsIndirectInputEvents = YES;
				INFOPLIST_KEY_UILaunchStoryboardName = LaunchScreen;
				INFOPLIST_KEY_UIMainStoryboardFile = Main;
				INFOPLIST_KEY_UIStatusBarStyle = "";
				INFOPLIST_KEY_UISupportedInterfaceOrientations = UIInterfaceOrientationPortrait;
				IPHONEOS_DEPLOYMENT_TARGET = 15.0;
				LD_RUNPATH_SEARCH_PATHS = (
					"$(inherited)",
					"@executable_path/Frameworks",
				);
				MARKETING_VERSION = 1.0;
				PRODUCT_BUNDLE_IDENTIFIER = trungdepzai.tasktracker;
				PRODUCT_NAME = "$(TARGET_NAME)";
				SWIFT_EMIT_LOC_STRINGS = YES;
				SWIFT_VERSION = 5.0;
				TARGETED_DEVICE_FAMILY = "1,2";
			};
			name = Release;
		};
/* End XCBuildConfiguration section */

/* Begin XCConfigurationList section */
		A2E558172AF27EC2006371C7 /* Build configuration list for PBXProject "tasktracker" */ = {
			isa = XCConfigurationList;
			buildConfigurations = (
				A2E5582E2AF27EC5006371C7 /* Debug */,
				A2E5582F2AF27EC5006371C7 /* Release */,
			);
			defaultConfigurationIsVisible = 0;
			defaultConfigurationName = Release;
		};
		A2E558302AF27EC5006371C7 /* Build configuration list for PBXNativeTarget "tasktracker" */ = {
			isa = XCConfigurationList;
			buildConfigurations = (
				A2E558312AF27EC5006371C7 /* Debug */,
				A2E558322AF27EC5006371C7 /* Release */,
			);
			defaultConfigurationIsVisible = 0;
			defaultConfigurationName = Release;
		};
/* End XCConfigurationList section */
	};
	rootObject = A2E558142AF27EC2006371C7 /* Project object */;
}
